// !$*UTF8*$!
{
	archiveVersion = 1;
	classes = {
	};
	objectVersion = 56;
	objects = {

/* Begin PBXBuildFile section */
		792967B62A608AA000411177 /* AppDelegate.swift in Sources */ = {isa = PBXBuildFile; fileRef = 792967B52A608AA000411177 /* AppDelegate.swift */; };
		792967B82A608AA000411177 /* SceneDelegate.swift in Sources */ = {isa = PBXBuildFile; fileRef = 792967B72A608AA000411177 /* SceneDelegate.swift */; };
		792967BA2A608AA000411177 /* ViewController.swift in Sources */ = {isa = PBXBuildFile; fileRef = 792967B92A608AA000411177 /* ViewController.swift */; };
		792967BF2A608AA000411177 /* Assets.xcassets in Resources */ = {isa = PBXBuildFile; fileRef = 792967BE2A608AA000411177 /* Assets.xcassets */; };
		792967C22A608AA000411177 /* LaunchScreen.storyboard in Resources */ = {isa = PBXBuildFile; fileRef = 792967C02A608AA000411177 /* LaunchScreen.storyboard */; };
		7929680F2A62003800411177 /* TabBarController.swift in Sources */ = {isa = PBXBuildFile; fileRef = 7929680E2A62003800411177 /* TabBarController.swift */; };
		792968112A6200EF00411177 /* TabBarModel.swift in Sources */ = {isa = PBXBuildFile; fileRef = 792968102A6200EF00411177 /* TabBarModel.swift */; };
		792968132A6208DE00411177 /* Model.swift in Sources */ = {isa = PBXBuildFile; fileRef = 792968122A6208DE00411177 /* Model.swift */; };
/* End PBXBuildFile section */

/* Begin PBXFileReference section */
		792967B22A608AA000411177 /* HW14.app */ = {isa = PBXFileReference; explicitFileType = wrapper.application; includeInIndex = 0; path = HW14.app; sourceTree = BUILT_PRODUCTS_DIR; };
		792967B52A608AA000411177 /* AppDelegate.swift */ = {isa = PBXFileReference; lastKnownFileType = sourcecode.swift; path = AppDelegate.swift; sourceTree = "<group>"; };
		792967B72A608AA000411177 /* SceneDelegate.swift */ = {isa = PBXFileReference; lastKnownFileType = sourcecode.swift; path = SceneDelegate.swift; sourceTree = "<group>"; };
		792967B92A608AA000411177 /* ViewController.swift */ = {isa = PBXFileReference; lastKnownFileType = sourcecode.swift; path = ViewController.swift; sourceTree = "<group>"; };
		792967BE2A608AA000411177 /* Assets.xcassets */ = {isa = PBXFileReference; lastKnownFileType = folder.assetcatalog; path = Assets.xcassets; sourceTree = "<group>"; };
		792967C12A608AA000411177 /* Base */ = {isa = PBXFileReference; lastKnownFileType = file.storyboard; name = Base; path = Base.lproj/LaunchScreen.storyboard; sourceTree = "<group>"; };
		792967C32A608AA000411177 /* Info.plist */ = {isa = PBXFileReference; lastKnownFileType = text.plist.xml; path = Info.plist; sourceTree = "<group>"; };
		7929680E2A62003800411177 /* TabBarController.swift */ = {isa = PBXFileReference; lastKnownFileType = sourcecode.swift; path = TabBarController.swift; sourceTree = "<group>"; };
		792968102A6200EF00411177 /* TabBarModel.swift */ = {isa = PBXFileReference; lastKnownFileType = sourcecode.swift; path = TabBarModel.swift; sourceTree = "<group>"; };
		792968122A6208DE00411177 /* Model.swift */ = {isa = PBXFileReference; lastKnownFileType = sourcecode.swift; name = Model.swift; path = HW14/TabBar/Model.swift; sourceTree = SOURCE_ROOT; };
/* End PBXFileReference section */

/* Begin PBXFrameworksBuildPhase section */
		792967AF2A608AA000411177 /* Frameworks */ = {
			isa = PBXFrameworksBuildPhase;
			buildActionMask = 2147483647;
			files = (
			);
			runOnlyForDeploymentPostprocessing = 0;
		};
/* End PBXFrameworksBuildPhase section */

/* Begin PBXGroup section */
		792967A92A608AA000411177 = {
			isa = PBXGroup;
			children = (
				792967B42A608AA000411177 /* HW14 */,
				792967B32A608AA000411177 /* Products */,
			);
			sourceTree = "<group>";
		};
		792967B32A608AA000411177 /* Products */ = {
			isa = PBXGroup;
			children = (
				792967B22A608AA000411177 /* HW14.app */,
			);
			name = Products;
			sourceTree = "<group>";
		};
		792967B42A608AA000411177 /* HW14 */ = {
			isa = PBXGroup;
			children = (
				792967C92A608CA800411177 /* App */,
				7929680D2A62001800411177 /* TabBar */,
				792967CC2A608D9F00411177 /* CollectionView */,
				792967CA2A608CB800411177 /* Resources */,
			);
			path = HW14;
			sourceTree = "<group>";
		};
		792967C92A608CA800411177 /* App */ = {
			isa = PBXGroup;
			children = (
				792967B52A608AA000411177 /* AppDelegate.swift */,
				792967B72A608AA000411177 /* SceneDelegate.swift */,
			);
			path = App;
			sourceTree = "<group>";
		};
		792967CA2A608CB800411177 /* Resources */ = {
			isa = PBXGroup;
			children = (
				792967C02A608AA000411177 /* LaunchScreen.storyboard */,
				792967BE2A608AA000411177 /* Assets.xcassets */,
				792967C32A608AA000411177 /* Info.plist */,
			);
			path = Resources;
			sourceTree = "<group>";
		};
		792967CC2A608D9F00411177 /* CollectionView */ = {
			isa = PBXGroup;
			children = (
				792967CD2A608DBC00411177 /* View */,
				792967D02A608E1C00411177 /* Model */,
				792967CF2A608DE600411177 /* Cell */,
			);
			path = CollectionView;
			sourceTree = "<group>";
		};
		792967CD2A608DBC00411177 /* View */ = {
			isa = PBXGroup;
			children = (
				792967B92A608AA000411177 /* ViewController.swift */,
			);
			path = View;
			sourceTree = "<group>";
		};
		792967CF2A608DE600411177 /* Cell */ = {
			isa = PBXGroup;
			children = (
			);
			path = Cell;
			sourceTree = "<group>";
		};
		792967D02A608E1C00411177 /* Model */ = {
			isa = PBXGroup;
			children = (
				792968122A6208DE00411177 /* Model.swift */,
			);
			path = Model;
			sourceTree = "<group>";
		};
		7929680D2A62001800411177 /* TabBar */ = {
			isa = PBXGroup;
			children = (
				7929680E2A62003800411177 /* TabBarController.swift */,
				792968102A6200EF00411177 /* TabBarModel.swift */,
			);
			path = TabBar;
			sourceTree = "<group>";
		};
/* End PBXGroup section */

/* Begin PBXNativeTarget section */
		792967B12A608AA000411177 /* HW14 */ = {
			isa = PBXNativeTarget;
			buildConfigurationList = 792967C62A608AA000411177 /* Build configuration list for PBXNativeTarget "HW14" */;
			buildPhases = (
				792967AE2A608AA000411177 /* Sources */,
				792967AF2A608AA000411177 /* Frameworks */,
				792967B02A608AA000411177 /* Resources */,
			);
			buildRules = (
			);
			dependencies = (
			);
			name = HW14;
			productName = HW14;
			productReference = 792967B22A608AA000411177 /* HW14.app */;
			productType = "com.apple.product-type.application";
		};
/* End PBXNativeTarget section */

/* Begin PBXProject section */
		792967AA2A608AA000411177 /* Project object */ = {
			isa = PBXProject;
			attributes = {
				BuildIndependentTargetsInParallel = 1;
				LastSwiftUpdateCheck = 1430;
				LastUpgradeCheck = 1430;
				TargetAttributes = {
					792967B12A608AA000411177 = {
						CreatedOnToolsVersion = 14.3.1;
					};
				};
			};
			buildConfigurationList = 792967AD2A608AA000411177 /* Build configuration list for PBXProject "HW14" */;
			compatibilityVersion = "Xcode 14.0";
			developmentRegion = en;
			hasScannedForEncodings = 0;
			knownRegions = (
				en,
				Base,
			);
			mainGroup = 792967A92A608AA000411177;
			productRefGroup = 792967B32A608AA000411177 /* Products */;
			projectDirPath = "";
			projectRoot = "";
			targets = (
				792967B12A608AA000411177 /* HW14 */,
			);
		};
/* End PBXProject section */

/* Begin PBXResourcesBuildPhase section */
		792967B02A608AA000411177 /* Resources */ = {
			isa = PBXResourcesBuildPhase;
			buildActionMask = 2147483647;
			files = (
				792967C22A608AA000411177 /* LaunchScreen.storyboard in Resources */,
				792967BF2A608AA000411177 /* Assets.xcassets in Resources */,
			);
			runOnlyForDeploymentPostprocessing = 0;
		};
/* End PBXResourcesBuildPhase section */

/* Begin PBXSourcesBuildPhase section */
		792967AE2A608AA000411177 /* Sources */ = {
			isa = PBXSourcesBuildPhase;
			buildActionMask = 2147483647;
			files = (
				792968112A6200EF00411177 /* TabBarModel.swift in Sources */,
				792967BA2A608AA000411177 /* ViewController.swift in Sources */,
				7929680F2A62003800411177 /* TabBarController.swift in Sources */,
				792968132A6208DE00411177 /* Model.swift in Sources */,
				792967B62A608AA000411177 /* AppDelegate.swift in Sources */,
				792967B82A608AA000411177 /* SceneDelegate.swift in Sources */,
			);
			runOnlyForDeploymentPostprocessing = 0;
		};
/* End PBXSourcesBuildPhase section */

/* Begin PBXVariantGroup section */
		792967C02A608AA000411177 /* LaunchScreen.storyboard */ = {
			isa = PBXVariantGroup;
			children = (
				792967C12A608AA000411177 /* Base */,
			);
			name = LaunchScreen.storyboard;
			sourceTree = "<group>";
		};
/* End PBXVariantGroup section */

/* Begin XCBuildConfiguration section */
		792967C42A608AA000411177 /* Debug */ = {
			isa = XCBuildConfiguration;
			buildSettings = {
				ALWAYS_SEARCH_USER_PATHS = NO;
				CLANG_ANALYZER_NONNULL = YES;
				CLANG_ANALYZER_NUMBER_OBJECT_CONVERSION = YES_AGGRESSIVE;
				CLANG_CXX_LANGUAGE_STANDARD = "gnu++20";
				CLANG_ENABLE_MODULES = YES;
				CLANG_ENABLE_OBJC_ARC = YES;
				CLANG_ENABLE_OBJC_WEAK = YES;
				CLANG_WARN_BLOCK_CAPTURE_AUTORELEASING = YES;
				CLANG_WARN_BOOL_CONVERSION = YES;
				CLANG_WARN_COMMA = YES;
				CLANG_WARN_CONSTANT_CONVERSION = YES;
				CLANG_WARN_DEPRECATED_OBJC_IMPLEMENTATIONS = YES;
				CLANG_WARN_DIRECT_OBJC_ISA_USAGE = YES_ERROR;
				CLANG_WARN_DOCUMENTATION_COMMENTS = YES;
				CLANG_WARN_EMPTY_BODY = YES;
				CLANG_WARN_ENUM_CONVERSION = YES;
				CLANG_WARN_INFINITE_RECURSION = YES;
				CLANG_WARN_INT_CONVERSION = YES;
				CLANG_WARN_NON_LITERAL_NULL_CONVERSION = YES;
				CLANG_WARN_OBJC_IMPLICIT_RETAIN_SELF = YES;
				CLANG_WARN_OBJC_LITERAL_CONVERSION = YES;
				CLANG_WARN_OBJC_ROOT_CLASS = YES_ERROR;
				CLANG_WARN_QUOTED_INCLUDE_IN_FRAMEWORK_HEADER = YES;
				CLANG_WARN_RANGE_LOOP_ANALYSIS = YES;
				CLANG_WARN_STRICT_PROTOTYPES = YES;
				CLANG_WARN_SUSPICIOUS_MOVE = YES;
				CLANG_WARN_UNGUARDED_AVAILABILITY = YES_AGGRESSIVE;
				CLANG_WARN_UNREACHABLE_CODE = YES;
				CLANG_WARN__DUPLICATE_METHOD_MATCH = YES;
				COPY_PHASE_STRIP = NO;
				DEBUG_INFORMATION_FORMAT = dwarf;
				ENABLE_STRICT_OBJC_MSGSEND = YES;
				ENABLE_TESTABILITY = YES;
				GCC_C_LANGUAGE_STANDARD = gnu11;
				GCC_DYNAMIC_NO_PIC = NO;
				GCC_NO_COMMON_BLOCKS = YES;
				GCC_OPTIMIZATION_LEVEL = 0;
				GCC_PREPROCESSOR_DEFINITIONS = (
					"DEBUG=1",
					"$(inherited)",
				);
				GCC_WARN_64_TO_32_BIT_CONVERSION = YES;
				GCC_WARN_ABOUT_RETURN_TYPE = YES_ERROR;
				GCC_WARN_UNDECLARED_SELECTOR = YES;
				GCC_WARN_UNINITIALIZED_AUTOS = YES_AGGRESSIVE;
				GCC_WARN_UNUSED_FUNCTION = YES;
				GCC_WARN_UNUSED_VARIABLE = YES;
				IPHONEOS_DEPLOYMENT_TARGET = 16.4;
				MTL_ENABLE_DEBUG_INFO = INCLUDE_SOURCE;
				MTL_FAST_MATH = YES;
				ONLY_ACTIVE_ARCH = YES;
				SDKROOT = iphoneos;
				SWIFT_ACTIVE_COMPILATION_CONDITIONS = DEBUG;
				SWIFT_OPTIMIZATION_LEVEL = "-Onone";
			};
			name = Debug;
		};
		792967C52A608AA000411177 /* Release */ = {
			isa = XCBuildConfiguration;
			buildSettings = {
				ALWAYS_SEARCH_USER_PATHS = NO;
				CLANG_ANALYZER_NONNULL = YES;
				CLANG_ANALYZER_NUMBER_OBJECT_CONVERSION = YES_AGGRESSIVE;
				CLANG_CXX_LANGUAGE_STANDARD = "gnu++20";
				CLANG_ENABLE_MODULES = YES;
				CLANG_ENABLE_OBJC_ARC = YES;
				CLANG_ENABLE_OBJC_WEAK = YES;
				CLANG_WARN_BLOCK_CAPTURE_AUTORELEASING = YES;
				CLANG_WARN_BOOL_CONVERSION = YES;
				CLANG_WARN_COMMA = YES;
				CLANG_WARN_CONSTANT_CONVERSION = YES;
				CLANG_WARN_DEPRECATED_OBJC_IMPLEMENTATIONS = YES;
				CLANG_WARN_DIRECT_OBJC_ISA_USAGE = YES_ERROR;
				CLANG_WARN_DOCUMENTATION_COMMENTS = YES;
				CLANG_WARN_EMPTY_BODY = YES;
				CLANG_WARN_ENUM_CONVERSION = YES;
				CLANG_WARN_INFINITE_RECURSION = YES;
				CLANG_WARN_INT_CONVERSION = YES;
				CLANG_WARN_NON_LITERAL_NULL_CONVERSION = YES;
				CLANG_WARN_OBJC_IMPLICIT_RETAIN_SELF = YES;
				CLANG_WARN_OBJC_LITERAL_CONVERSION = YES;
				CLANG_WARN_OBJC_ROOT_CLASS = YES_ERROR;
				CLANG_WARN_QUOTED_INCLUDE_IN_FRAMEWORK_HEADER = YES;
				CLANG_WARN_RANGE_LOOP_ANALYSIS = YES;
				CLANG_WARN_STRICT_PROTOTYPES = YES;
				CLANG_WARN_SUSPICIOUS_MOVE = YES;
				CLANG_WARN_UNGUARDED_AVAILABILITY = YES_AGGRESSIVE;
				CLANG_WARN_UNREACHABLE_CODE = YES;
				CLANG_WARN__DUPLICATE_METHOD_MATCH = YES;
				COPY_PHASE_STRIP = NO;
				DEBUG_INFORMATION_FORMAT = "dwarf-with-dsym";
				ENABLE_NS_ASSERTIONS = NO;
				ENABLE_STRICT_OBJC_MSGSEND = YES;
				GCC_C_LANGUAGE_STANDARD = gnu11;
				GCC_NO_COMMON_BLOCKS = YES;
				GCC_WARN_64_TO_32_BIT_CONVERSION = YES;
				GCC_WARN_ABOUT_RETURN_TYPE = YES_ERROR;
				GCC_WARN_UNDECLARED_SELECTOR = YES;
				GCC_WARN_UNINITIALIZED_AUTOS = YES_AGGRESSIVE;
				GCC_WARN_UNUSED_FUNCTION = YES;
				GCC_WARN_UNUSED_VARIABLE = YES;
				IPHONEOS_DEPLOYMENT_TARGET = 16.4;
				MTL_ENABLE_DEBUG_INFO = NO;
				MTL_FAST_MATH = YES;
				SDKROOT = iphoneos;
				SWIFT_COMPILATION_MODE = wholemodule;
				SWIFT_OPTIMIZATION_LEVEL = "-O";
				VALIDATE_PRODUCT = YES;
			};
			name = Release;
		};
		792967C72A608AA000411177 /* Debug */ = {
			isa = XCBuildConfiguration;
			buildSettings = {
				ASSETCATALOG_COMPILER_APPICON_NAME = AppIcon;
				ASSETCATALOG_COMPILER_GLOBAL_ACCENT_COLOR_NAME = AccentColor;
				CODE_SIGN_STYLE = Automatic;
				CURRENT_PROJECT_VERSION = 1;
				DEVELOPMENT_TEAM = 544C5YL5XT;
				GENERATE_INFOPLIST_FILE = YES;
				INFOPLIST_FILE = HW14/Resources/Info.plist;
				INFOPLIST_KEY_UIApplicationSupportsIndirectInputEvents = YES;
				INFOPLIST_KEY_UILaunchStoryboardName = LaunchScreen.storyboard;
				INFOPLIST_KEY_UISupportedInterfaceOrientations_iPad = "UIInterfaceOrientationPortrait UIInterfaceOrientationPortraitUpsideDown UIInterfaceOrientationLandscapeLeft UIInterfaceOrientationLandscapeRight";
				INFOPLIST_KEY_UISupportedInterfaceOrientations_iPhone = "UIInterfaceOrientationPortrait UIInterfaceOrientationLandscapeLeft UIInterfaceOrientationLandscapeRight";
				LD_RUNPATH_SEARCH_PATHS = (
					"$(inherited)",
					"@executable_path/Frameworks",
				);
				MARKETING_VERSION = 1.0;
				PRODUCT_BUNDLE_IDENTIFIER = com.my.HW14;
				PRODUCT_NAME = "$(TARGET_NAME)";
				SWIFT_EMIT_LOC_STRINGS = YES;
				SWIFT_VERSION = 5.0;
				TARGETED_DEVICE_FAMILY = "1,2";
			};
			name = Debug;
		};
		792967C82A608AA000411177 /* Release */ = {
			isa = XCBuildConfiguration;
			buildSettings = {
				ASSETCATALOG_COMPILER_APPICON_NAME = AppIcon;
				ASSETCATALOG_COMPILER_GLOBAL_ACCENT_COLOR_NAME = AccentColor;
				CODE_SIGN_STYLE = Automatic;
				CURRENT_PROJECT_VERSION = 1;
				DEVELOPMENT_TEAM = 544C5YL5XT;
				GENERATE_INFOPLIST_FILE = YES;
				INFOPLIST_FILE = HW14/Resources/Info.plist;
				INFOPLIST_KEY_UIApplicationSupportsIndirectInputEvents = YES;
				INFOPLIST_KEY_UILaunchStoryboardName = LaunchScreen.storyboard;
				INFOPLIST_KEY_UISupportedInterfaceOrientations_iPad = "UIInterfaceOrientationPortrait UIInterfaceOrientationPortraitUpsideDown UIInterfaceOrientationLandscapeLeft UIInterfaceOrientationLandscapeRight";
				INFOPLIST_KEY_UISupportedInterfaceOrientations_iPhone = "UIInterfaceOrientationPortrait UIInterfaceOrientationLandscapeLeft UIInterfaceOrientationLandscapeRight";
				LD_RUNPATH_SEARCH_PATHS = (
					"$(inherited)",
					"@executable_path/Frameworks",
				);
				MARKETING_VERSION = 1.0;
				PRODUCT_BUNDLE_IDENTIFIER = com.my.HW14;
				PRODUCT_NAME = "$(TARGET_NAME)";
				SWIFT_EMIT_LOC_STRINGS = YES;
				SWIFT_VERSION = 5.0;
				TARGETED_DEVICE_FAMILY = "1,2";
			};
			name = Release;
		};
/* End XCBuildConfiguration section */

/* Begin XCConfigurationList section */
		792967AD2A608AA000411177 /* Build configuration list for PBXProject "HW14" */ = {
			isa = XCConfigurationList;
			buildConfigurations = (
				792967C42A608AA000411177 /* Debug */,
				792967C52A608AA000411177 /* Release */,
			);
			defaultConfigurationIsVisible = 0;
			defaultConfigurationName = Release;
		};
		792967C62A608AA000411177 /* Build configuration list for PBXNativeTarget "HW14" */ = {
			isa = XCConfigurationList;
			buildConfigurations = (
				792967C72A608AA000411177 /* Debug */,
				792967C82A608AA000411177 /* Release */,
			);
			defaultConfigurationIsVisible = 0;
			defaultConfigurationName = Release;
		};
/* End XCConfigurationList section */
	};
	rootObject = 792967AA2A608AA000411177 /* Project object */;
}
